<?xml version="1.0" encoding="UTF-8"?>
<CodeBlocks_project_file>
	<FileVersion major="1" minor="6"/>
	<Project>
		<Option title="HUFFMAN"/>
		<Option makefile_is_custom="1"/>
		<Option compiler="gcc"/>
		<Option virtualFolders="CMake Files\;"/>
		<Build>
			<Target title="all">
				<Option working_dir="/home/motyaspr/CLionProjects/HUFFMAN1/Huffman"/>
				<Option type="4"/>
				<MakeCommands>
					<Build command="/usr/bin/make -f &quot;/home/motyaspr/CLionProjects/HUFFMAN1/Huffman/Makefile&quot;  VERBOSE=1 all"/>
					<CompileFile command="/usr/bin/make -f &quot;/home/motyaspr/CLionProjects/HUFFMAN1/Huffman/Makefile&quot;  VERBOSE=1 &quot;$file&quot;"/>
					<Clean command="/usr/bin/make -f &quot;/home/motyaspr/CLionProjects/HUFFMAN1/Huffman/Makefile&quot;  VERBOSE=1 clean"/>
					<DistClean command="/usr/bin/make -f &quot;/home/motyaspr/CLionProjects/HUFFMAN1/Huffman/Makefile&quot;  VERBOSE=1 clean"/>
				</MakeCommands>
			</Target>
			<Target title="rebuild_cache">
				<Option working_dir="/home/motyaspr/CLionProjects/HUFFMAN1/Huffman"/>
				<Option type="4"/>
				<MakeCommands>
					<Build command="/usr/bin/make -f &quot;/home/motyaspr/CLionProjects/HUFFMAN1/Huffman/Makefile&quot;  VERBOSE=1 rebuild_cache"/>
					<CompileFile command="/usr/bin/make -f &quot;/home/motyaspr/CLionProjects/HUFFMAN1/Huffman/Makefile&quot;  VERBOSE=1 &quot;$file&quot;"/>
					<Clean command="/usr/bin/make -f &quot;/home/motyaspr/CLionProjects/HUFFMAN1/Huffman/Makefile&quot;  VERBOSE=1 clean"/>
					<DistClean command="/usr/bin/make -f &quot;/home/motyaspr/CLionProjects/HUFFMAN1/Huffman/Makefile&quot;  VERBOSE=1 clean"/>
				</MakeCommands>
			</Target>
			<Target title="edit_cache">
				<Option working_dir="/home/motyaspr/CLionProjects/HUFFMAN1/Huffman"/>
				<Option type="4"/>
				<MakeCommands>
					<Build command="/usr/bin/make -f &quot;/home/motyaspr/CLionProjects/HUFFMAN1/Huffman/Makefile&quot;  VERBOSE=1 edit_cache"/>
					<CompileFile command="/usr/bin/make -f &quot;/home/motyaspr/CLionProjects/HUFFMAN1/Huffman/Makefile&quot;  VERBOSE=1 &quot;$file&quot;"/>
					<Clean command="/usr/bin/make -f &quot;/home/motyaspr/CLionProjects/HUFFMAN1/Huffman/Makefile&quot;  VERBOSE=1 clean"/>
					<DistClean command="/usr/bin/make -f &quot;/home/motyaspr/CLionProjects/HUFFMAN1/Huffman/Makefile&quot;  VERBOSE=1 clean"/>
				</MakeCommands>
			</Target>
			<Target title="HUFFMAN">
				<Option output="/home/motyaspr/CLionProjects/HUFFMAN1/Huffman/HUFFMAN" prefix_auto="0" extension_auto="0"/>
				<Option working_dir="/home/motyaspr/CLionProjects/HUFFMAN1/Huffman"/>
				<Option object_output="./"/>
				<Option type="1"/>
				<Option compiler="gcc"/>
				<Compiler>
					<Add directory="/home/motyaspr/CLionProjects/HUFFMAN1/Huffman/lib"/>
				</Compiler>
				<MakeCommands>
					<Build command="/usr/bin/make -f &quot;/home/motyaspr/CLionProjects/HUFFMAN1/Huffman/Makefile&quot;  VERBOSE=1 HUFFMAN"/>
					<CompileFile command="/usr/bin/make -f &quot;/home/motyaspr/CLionProjects/HUFFMAN1/Huffman/Makefile&quot;  VERBOSE=1 &quot;$file&quot;"/>
					<Clean command="/usr/bin/make -f &quot;/home/motyaspr/CLionProjects/HUFFMAN1/Huffman/Makefile&quot;  VERBOSE=1 clean"/>
					<DistClean command="/usr/bin/make -f &quot;/home/motyaspr/CLionProjects/HUFFMAN1/Huffman/Makefile&quot;  VERBOSE=1 clean"/>
				</MakeCommands>
			</Target>
			<Target title="HUFFMAN/fast">
				<Option output="/home/motyaspr/CLionProjects/HUFFMAN1/Huffman/HUFFMAN" prefix_auto="0" extension_auto="0"/>
				<Option working_dir="/home/motyaspr/CLionProjects/HUFFMAN1/Huffman"/>
				<Option object_output="./"/>
				<Option type="1"/>
				<Option compiler="gcc"/>
				<Compiler>
					<Add directory="/home/motyaspr/CLionProjects/HUFFMAN1/Huffman/lib"/>
				</Compiler>
				<MakeCommands>
					<Build command="/usr/bin/make -f &quot;/home/motyaspr/CLionProjects/HUFFMAN1/Huffman/Makefile&quot;  VERBOSE=1 HUFFMAN/fast"/>
					<CompileFile command="/usr/bin/make -f &quot;/home/motyaspr/CLionProjects/HUFFMAN1/Huffman/Makefile&quot;  VERBOSE=1 &quot;$file&quot;"/>
					<Clean command="/usr/bin/make -f &quot;/home/motyaspr/CLionProjects/HUFFMAN1/Huffman/Makefile&quot;  VERBOSE=1 clean"/>
					<DistClean command="/usr/bin/make -f &quot;/home/motyaspr/CLionProjects/HUFFMAN1/Huffman/Makefile&quot;  VERBOSE=1 clean"/>
				</MakeCommands>
			</Target>
			<Target title="huflib">
				<Option output="/home/motyaspr/CLionProjects/HUFFMAN1/Huffman/libhuflib.a" prefix_auto="0" extension_auto="0"/>
				<Option working_dir="/home/motyaspr/CLionProjects/HUFFMAN1/Huffman"/>
				<Option object_output="./"/>
				<Option type="2"/>
				<Option compiler="gcc"/>
				<Compiler>
					<Add directory="/home/motyaspr/CLionProjects/HUFFMAN1/Huffman/lib"/>
				</Compiler>
				<MakeCommands>
					<Build command="/usr/bin/make -f &quot;/home/motyaspr/CLionProjects/HUFFMAN1/Huffman/Makefile&quot;  VERBOSE=1 huflib"/>
					<CompileFile command="/usr/bin/make -f &quot;/home/motyaspr/CLionProjects/HUFFMAN1/Huffman/Makefile&quot;  VERBOSE=1 &quot;$file&quot;"/>
					<Clean command="/usr/bin/make -f &quot;/home/motyaspr/CLionProjects/HUFFMAN1/Huffman/Makefile&quot;  VERBOSE=1 clean"/>
					<DistClean command="/usr/bin/make -f &quot;/home/motyaspr/CLionProjects/HUFFMAN1/Huffman/Makefile&quot;  VERBOSE=1 clean"/>
				</MakeCommands>
			</Target>
			<Target title="huflib/fast">
				<Option output="/home/motyaspr/CLionProjects/HUFFMAN1/Huffman/libhuflib.a" prefix_auto="0" extension_auto="0"/>
				<Option working_dir="/home/motyaspr/CLionProjects/HUFFMAN1/Huffman"/>
				<Option object_output="./"/>
				<Option type="2"/>
				<Option compiler="gcc"/>
				<Compiler>
					<Add directory="/home/motyaspr/CLionProjects/HUFFMAN1/Huffman/lib"/>
				</Compiler>
				<MakeCommands>
					<Build command="/usr/bin/make -f &quot;/home/motyaspr/CLionProjects/HUFFMAN1/Huffman/Makefile&quot;  VERBOSE=1 huflib/fast"/>
					<CompileFile command="/usr/bin/make -f &quot;/home/motyaspr/CLionProjects/HUFFMAN1/Huffman/Makefile&quot;  VERBOSE=1 &quot;$file&quot;"/>
					<Clean command="/usr/bin/make -f &quot;/home/motyaspr/CLionProjects/HUFFMAN1/Huffman/Makefile&quot;  VERBOSE=1 clean"/>
					<DistClean command="/usr/bin/make -f &quot;/home/motyaspr/CLionProjects/HUFFMAN1/Huffman/Makefile&quot;  VERBOSE=1 clean"/>
				</MakeCommands>
			</Target>
		</Build>
		<Unit filename="/home/motyaspr/CLionProjects/HUFFMAN1/Huffman/lib/builder.cpp">
			<Option target="huflib"/>
		</Unit>
		<Unit filename="/home/motyaspr/CLionProjects/HUFFMAN1/Huffman/lib/builder.h">
			<Option target="huflib"/>
		</Unit>
		<Unit filename="/home/motyaspr/CLionProjects/HUFFMAN1/Huffman/lib/compressor.cpp">
			<Option target="huflib"/>
		</Unit>
		<Unit filename="/home/motyaspr/CLionProjects/HUFFMAN1/Huffman/lib/compressor.h">
			<Option target="huflib"/>
		</Unit>
		<Unit filename="/home/motyaspr/CLionProjects/HUFFMAN1/Huffman/lib/decoder.cpp">
			<Option target="huflib"/>
		</Unit>
		<Unit filename="/home/motyaspr/CLionProjects/HUFFMAN1/Huffman/lib/decoder.h">
			<Option target="huflib"/>
		</Unit>
		<Unit filename="/home/motyaspr/CLionProjects/HUFFMAN1/Huffman/lib/tree.cpp">
			<Option target="huflib"/>
		</Unit>
		<Unit filename="/home/motyaspr/CLionProjects/HUFFMAN1/Huffman/lib/tree.h">
			<Option target="huflib"/>
		</Unit>
		<Unit filename="/home/motyaspr/CLionProjects/HUFFMAN1/Huffman/main.cpp">
			<Option target="HUFFMAN"/>
		</Unit>
		<Unit filename="/home/motyaspr/CLionProjects/HUFFMAN1/Huffman/CMakeLists.txt">
			<Option virtualFolder="CMake Files\"/>
		</Unit>
	</Project>
</CodeBlocks_project_file>
